
Microsoft Visual Studio Solution File, Format Version 12.00
# Visual Studio Version 16
VisualStudioVersion = 16.0.29519.181
MinimumVisualStudioVersion = 10.0.40219.1
Project("{FAE04EC0-301F-11D3-BF4B-00C04F79EFBC}") = "PSR09554.API", "PSR09554.API\PSR09554.API.csproj", "{DAEBA945-E3DA-4CA4-91F6-30DDE9E48D90}"
EndProject
Project("{FAE04EC0-301F-11D3-BF4B-00C04F79EFBC}") = "DataAccess", "DataAccess\DataAccess.csproj", "{CFF85167-BD6E-488E-B7A9-5F895251D44E}"
EndProject
Project("{FAE04EC0-301F-11D3-BF4B-00C04F79EFBC}") = "BusinessLayer", "BusinessLayer\BusinessLayer.csproj", "{DB9B8AAA-336D-4549-88FB-11D7B960A0AB}"
EndProject
Project("{FAE04EC0-301F-11D3-BF4B-00C04F79EFBC}") = "Helpers", "Helpers\Helpers.csproj", "{FFB8A062-26E6-48D7-B2D3-DA038E9549AA}"
EndProject
Project("{FAE04EC0-301F-11D3-BF4B-00C04F79EFBC}") = "PSR09554.Webb", "PSR09554.Webb\PSR09554.Webb.csproj", "{1D7ED424-238B-4972-9B82-7E433E3987E1}"
EndProject
Global
	GlobalSection(SolutionConfigurationPlatforms) = preSolution
		Debug|Any CPU = Debug|Any CPU
		Release|Any CPU = Release|Any CPU
	EndGlobalSection
	GlobalSection(ProjectConfigurationPlatforms) = postSolution
		{DAEBA945-E3DA-4CA4-91F6-30DDE9E48D90}.Debug|Any CPU.ActiveCfg = Debug|Any CPU
		{DAEBA945-E3DA-4CA4-91F6-30DDE9E48D90}.Debug|Any CPU.Build.0 = Debug|Any CPU
		{DAEBA945-E3DA-4CA4-91F6-30DDE9E48D90}.Release|Any CPU.ActiveCfg = Release|Any CPU
		{DAEBA945-E3DA-4CA4-91F6-30DDE9E48D90}.Release|Any CPU.Build.0 = Release|Any CPU
		{CFF85167-BD6E-488E-B7A9-5F895251D44E}.Debug|Any CPU.ActiveCfg = Debug|Any CPU
		{CFF85167-BD6E-488E-B7A9-5F895251D44E}.Debug|Any CPU.Build.0 = Debug|Any CPU
		{CFF85167-BD6E-488E-B7A9-5F895251D44E}.Release|Any CPU.ActiveCfg = Release|Any CPU
		{CFF85167-BD6E-488E-B7A9-5F895251D44E}.Release|Any CPU.Build.0 = Release|Any CPU
		{DB9B8AAA-336D-4549-88FB-11D7B960A0AB}.Debug|Any CPU.ActiveCfg = Debug|Any CPU
		{DB9B8AAA-336D-4549-88FB-11D7B960A0AB}.Debug|Any CPU.Build.0 = Debug|Any CPU
		{DB9B8AAA-336D-4549-88FB-11D7B960A0AB}.Release|Any CPU.ActiveCfg = Release|Any CPU
		{DB9B8AAA-336D-4549-88FB-11D7B960A0AB}.Release|Any CPU.Build.0 = Release|Any CPU
		{FFB8A062-26E6-48D7-B2D3-DA038E9549AA}.Debug|Any CPU.ActiveCfg = Debug|Any CPU
		{FFB8A062-26E6-48D7-B2D3-DA038E9549AA}.Debug|Any CPU.Build.0 = Debug|Any CPU
		{FFB8A062-26E6-48D7-B2D3-DA038E9549AA}.Release|Any CPU.ActiveCfg = Release|Any CPU
		{FFB8A062-26E6-48D7-B2D3-DA038E9549AA}.Release|Any CPU.Build.0 = Release|Any CPU
		{1D7ED424-238B-4972-9B82-7E433E3987E1}.Debug|Any CPU.ActiveCfg = Debug|Any CPU
		{1D7ED424-238B-4972-9B82-7E433E3987E1}.Debug|Any CPU.Build.0 = Debug|Any CPU
		{1D7ED424-238B-4972-9B82-7E433E3987E1}.Release|Any CPU.ActiveCfg = Release|Any CPU
		{1D7ED424-238B-4972-9B82-7E433E3987E1}.Release|Any CPU.Build.0 = Release|Any CPU
	EndGlobalSection
	GlobalSection(SolutionProperties) = preSolution
		HideSolutionNode = FALSE
	EndGlobalSection
	GlobalSection(ExtensibilityGlobals) = postSolution
		SolutionGuid = {97B68EAF-C1AD-40FC-8E76-3FCE7C590F86}
	EndGlobalSection
EndGlobal
