
Microsoft Visual Studio Solution File, Format Version 12.00
# Visual Studio 15
VisualStudioVersion = 15.0.28307.779
MinimumVisualStudioVersion = 10.0.40219.1
Project("{FAE04EC0-301F-11D3-BF4B-00C04F79EFBC}") = "PSR09554", "PSR09554\PSR09554.csproj", "{15B0B040-C804-4669-8A7E-3F3C1209794E}"
EndProject
Global
	GlobalSection(SolutionConfigurationPlatforms) = preSolution
		Debug|Any CPU = Debug|Any CPU
		Release|Any CPU = Release|Any CPU
	EndGlobalSection
	GlobalSection(ProjectConfigurationPlatforms) = postSolution
		{15B0B040-C804-4669-8A7E-3F3C1209794E}.Debug|Any CPU.ActiveCfg = Debug|Any CPU
		{15B0B040-C804-4669-8A7E-3F3C1209794E}.Debug|Any CPU.Build.0 = Debug|Any CPU
		{15B0B040-C804-4669-8A7E-3F3C1209794E}.Release|Any CPU.ActiveCfg = Release|Any CPU
		{15B0B040-C804-4669-8A7E-3F3C1209794E}.Release|Any CPU.Build.0 = Release|Any CPU
	EndGlobalSection
	GlobalSection(SolutionProperties) = preSolution
		HideSolutionNode = FALSE
	EndGlobalSection
	GlobalSection(ExtensibilityGlobals) = postSolution
		SolutionGuid = {97B68EAF-C1AD-40FC-8E76-3FCE7C590F86}
	EndGlobalSection
EndGlobal
